// !$*UTF8*$!
{
	archiveVersion = 1;
	classes = {
	};
	objectVersion = 50;
	objects = {

/* Begin PBXBuildFile section */
		3D08C25722654B860007CEEE /* HomeViewController.swift in Sources */ = {isa = PBXBuildFile; fileRef = 3D08C25622654B860007CEEE /* HomeViewController.swift */; };
		3D70EC552257F5D60005A48D /* AppDelegate.swift in Sources */ = {isa = PBXBuildFile; fileRef = 3D70EC542257F5D60005A48D /* AppDelegate.swift */; };
		3D70EC5A2257F5D60005A48D /* Main.storyboard in Resources */ = {isa = PBXBuildFile; fileRef = 3D70EC582257F5D60005A48D /* Main.storyboard */; };
		3D70EC5C2257F5D80005A48D /* Assets.xcassets in Resources */ = {isa = PBXBuildFile; fileRef = 3D70EC5B2257F5D80005A48D /* Assets.xcassets */; };
		3D70EC5F2257F5D80005A48D /* LaunchScreen.storyboard in Resources */ = {isa = PBXBuildFile; fileRef = 3D70EC5D2257F5D80005A48D /* LaunchScreen.storyboard */; };
		3DF191B6225EB3130036AE97 /* OpenSans-Bold.ttf in Resources */ = {isa = PBXBuildFile; fileRef = 3DF191AD225EB3130036AE97 /* OpenSans-Bold.ttf */; };
		3DF191B7225EB3130036AE97 /* OpenSans-Light.ttf in Resources */ = {isa = PBXBuildFile; fileRef = 3DF191AE225EB3130036AE97 /* OpenSans-Light.ttf */; };
		3DF191B9225EB3130036AE97 /* OpenSans-Regular.ttf in Resources */ = {isa = PBXBuildFile; fileRef = 3DF191B0225EB3130036AE97 /* OpenSans-Regular.ttf */; };
		3DF191BB225EB31D0036AE97 /* OpenSans-SemiBold.ttf in Resources */ = {isa = PBXBuildFile; fileRef = 3DF191BA225EB31D0036AE97 /* OpenSans-SemiBold.ttf */; };
		3DF191BD225EB5D00036AE97 /* OpenSans-SemiBoldItalic.ttf in Resources */ = {isa = PBXBuildFile; fileRef = 3DF191BC225EB5D00036AE97 /* OpenSans-SemiBoldItalic.ttf */; };
		3DF191BF225EB5DD0036AE97 /* OpenSans-BoldItalic.ttf in Resources */ = {isa = PBXBuildFile; fileRef = 3DF191BE225EB5DD0036AE97 /* OpenSans-BoldItalic.ttf */; };
		3DF191C1225EB5E90036AE97 /* OpenSans-ExtraBold.ttf in Resources */ = {isa = PBXBuildFile; fileRef = 3DF191C0225EB5E90036AE97 /* OpenSans-ExtraBold.ttf */; };
		3DF191C3225EB5F30036AE97 /* OpenSans-ExtraBoldItalic.ttf in Resources */ = {isa = PBXBuildFile; fileRef = 3DF191C2225EB5F30036AE97 /* OpenSans-ExtraBoldItalic.ttf */; };
		3DF191C5225EB5FA0036AE97 /* OpenSans-Italic.ttf in Resources */ = {isa = PBXBuildFile; fileRef = 3DF191C4225EB5FA0036AE97 /* OpenSans-Italic.ttf */; };
		3DF191C7225EB6050036AE97 /* OpenSans-LightItalic.ttf in Resources */ = {isa = PBXBuildFile; fileRef = 3DF191C6225EB6050036AE97 /* OpenSans-LightItalic.ttf */; };
		3DF191C92261387D0036AE97 /* InnitialViewController.swift in Sources */ = {isa = PBXBuildFile; fileRef = 3DF191C82261387D0036AE97 /* InnitialViewController.swift */; };
		3DF191CB226139190036AE97 /* LoginViewController.swift in Sources */ = {isa = PBXBuildFile; fileRef = 3DF191CA226139190036AE97 /* LoginViewController.swift */; };
		3DF191CD226149A50036AE97 /* LoadViewController.swift in Sources */ = {isa = PBXBuildFile; fileRef = 3DF191CC226149A50036AE97 /* LoadViewController.swift */; };
		3DF191D0226151D20036AE97 /* load.gif in Resources */ = {isa = PBXBuildFile; fileRef = 3DF191CF226151D20036AE97 /* load.gif */; };
		731464EA2278D7E5004BF885 /* SignUpViewController.swift in Sources */ = {isa = PBXBuildFile; fileRef = 731464E92278D7E5004BF885 /* SignUpViewController.swift */; };
		738D38902277FEB800019ACF /* Features_Kim.storyboard in Resources */ = {isa = PBXBuildFile; fileRef = 738D388F2277FEB800019ACF /* Features_Kim.storyboard */; };
		F3BEFF1D4E0069F9E49D90E4 /* Pods_GrabAndDine.framework in Frameworks */ = {isa = PBXBuildFile; fileRef = DF86ED5EA91D5798F137A380 /* Pods_GrabAndDine.framework */; };
/* End PBXBuildFile section */

/* Begin PBXFileReference section */
		3D08C25622654B860007CEEE /* HomeViewController.swift */ = {isa = PBXFileReference; lastKnownFileType = sourcecode.swift; path = HomeViewController.swift; sourceTree = "<group>"; };
		3D70EC512257F5D60005A48D /* GrabAndDine.app */ = {isa = PBXFileReference; explicitFileType = wrapper.application; includeInIndex = 0; path = GrabAndDine.app; sourceTree = BUILT_PRODUCTS_DIR; };
		3D70EC542257F5D60005A48D /* AppDelegate.swift */ = {isa = PBXFileReference; lastKnownFileType = sourcecode.swift; path = AppDelegate.swift; sourceTree = "<group>"; };
		3D70EC592257F5D60005A48D /* Base */ = {isa = PBXFileReference; lastKnownFileType = file.storyboard; name = Base; path = Base.lproj/Main.storyboard; sourceTree = "<group>"; };
		3D70EC5B2257F5D80005A48D /* Assets.xcassets */ = {isa = PBXFileReference; lastKnownFileType = folder.assetcatalog; path = Assets.xcassets; sourceTree = "<group>"; };
		3D70EC5E2257F5D80005A48D /* Base */ = {isa = PBXFileReference; lastKnownFileType = file.storyboard; name = Base; path = Base.lproj/LaunchScreen.storyboard; sourceTree = "<group>"; };
		3D70EC602257F5D80005A48D /* Info.plist */ = {isa = PBXFileReference; lastKnownFileType = text.plist.xml; path = Info.plist; sourceTree = "<group>"; };
		3DF191AD225EB3130036AE97 /* OpenSans-Bold.ttf */ = {isa = PBXFileReference; lastKnownFileType = file; path = "OpenSans-Bold.ttf"; sourceTree = "<group>"; };
		3DF191AE225EB3130036AE97 /* OpenSans-Light.ttf */ = {isa = PBXFileReference; lastKnownFileType = file; path = "OpenSans-Light.ttf"; sourceTree = "<group>"; };
		3DF191B0225EB3130036AE97 /* OpenSans-Regular.ttf */ = {isa = PBXFileReference; lastKnownFileType = file; path = "OpenSans-Regular.ttf"; sourceTree = "<group>"; };
		3DF191BA225EB31D0036AE97 /* OpenSans-SemiBold.ttf */ = {isa = PBXFileReference; lastKnownFileType = file; path = "OpenSans-SemiBold.ttf"; sourceTree = "<group>"; };
		3DF191BC225EB5D00036AE97 /* OpenSans-SemiBoldItalic.ttf */ = {isa = PBXFileReference; lastKnownFileType = file; path = "OpenSans-SemiBoldItalic.ttf"; sourceTree = "<group>"; };
		3DF191BE225EB5DD0036AE97 /* OpenSans-BoldItalic.ttf */ = {isa = PBXFileReference; lastKnownFileType = file; path = "OpenSans-BoldItalic.ttf"; sourceTree = "<group>"; };
		3DF191C0225EB5E90036AE97 /* OpenSans-ExtraBold.ttf */ = {isa = PBXFileReference; lastKnownFileType = file; path = "OpenSans-ExtraBold.ttf"; sourceTree = "<group>"; };
		3DF191C2225EB5F30036AE97 /* OpenSans-ExtraBoldItalic.ttf */ = {isa = PBXFileReference; lastKnownFileType = file; path = "OpenSans-ExtraBoldItalic.ttf"; sourceTree = "<group>"; };
		3DF191C4225EB5FA0036AE97 /* OpenSans-Italic.ttf */ = {isa = PBXFileReference; lastKnownFileType = file; path = "OpenSans-Italic.ttf"; sourceTree = "<group>"; };
		3DF191C6225EB6050036AE97 /* OpenSans-LightItalic.ttf */ = {isa = PBXFileReference; lastKnownFileType = file; path = "OpenSans-LightItalic.ttf"; sourceTree = "<group>"; };
		3DF191C82261387D0036AE97 /* InnitialViewController.swift */ = {isa = PBXFileReference; lastKnownFileType = sourcecode.swift; path = InnitialViewController.swift; sourceTree = "<group>"; };
		3DF191CA226139190036AE97 /* LoginViewController.swift */ = {isa = PBXFileReference; lastKnownFileType = sourcecode.swift; path = LoginViewController.swift; sourceTree = "<group>"; };
		3DF191CC226149A50036AE97 /* LoadViewController.swift */ = {isa = PBXFileReference; lastKnownFileType = sourcecode.swift; path = LoadViewController.swift; sourceTree = "<group>"; };
		3DF191CF226151D20036AE97 /* load.gif */ = {isa = PBXFileReference; lastKnownFileType = image.gif; path = load.gif; sourceTree = "<group>"; };
		731464E92278D7E5004BF885 /* SignUpViewController.swift */ = {isa = PBXFileReference; lastKnownFileType = sourcecode.swift; path = SignUpViewController.swift; sourceTree = "<group>"; };
		738D388F2277FEB800019ACF /* Features_Kim.storyboard */ = {isa = PBXFileReference; lastKnownFileType = file.storyboard; path = Features_Kim.storyboard; sourceTree = "<group>"; };
		CCDE9FE04D81754FC8FC05F5 /* Pods-GrabAndDine.release.xcconfig */ = {isa = PBXFileReference; includeInIndex = 1; lastKnownFileType = text.xcconfig; name = "Pods-GrabAndDine.release.xcconfig"; path = "Target Support Files/Pods-GrabAndDine/Pods-GrabAndDine.release.xcconfig"; sourceTree = "<group>"; };
		DF86ED5EA91D5798F137A380 /* Pods_GrabAndDine.framework */ = {isa = PBXFileReference; explicitFileType = wrapper.framework; includeInIndex = 0; path = Pods_GrabAndDine.framework; sourceTree = BUILT_PRODUCTS_DIR; };
		F2928F53409BCAD18BD6A855 /* Pods-GrabAndDine.debug.xcconfig */ = {isa = PBXFileReference; includeInIndex = 1; lastKnownFileType = text.xcconfig; name = "Pods-GrabAndDine.debug.xcconfig"; path = "Target Support Files/Pods-GrabAndDine/Pods-GrabAndDine.debug.xcconfig"; sourceTree = "<group>"; };
/* End PBXFileReference section */

/* Begin PBXFrameworksBuildPhase section */
		3D70EC4E2257F5D60005A48D /* Frameworks */ = {
			isa = PBXFrameworksBuildPhase;
			buildActionMask = 2147483647;
			files = (
				F3BEFF1D4E0069F9E49D90E4 /* Pods_GrabAndDine.framework in Frameworks */,
			);
			runOnlyForDeploymentPostprocessing = 0;
		};
/* End PBXFrameworksBuildPhase section */

/* Begin PBXGroup section */
		069AED7DD0828A1962DE75A6 /* Frameworks */ = {
			isa = PBXGroup;
			children = (
				DF86ED5EA91D5798F137A380 /* Pods_GrabAndDine.framework */,
			);
			name = Frameworks;
			sourceTree = "<group>";
		};
		1136A8C97C2E4ABDE0B540EB /* Pods */ = {
			isa = PBXGroup;
			children = (
				F2928F53409BCAD18BD6A855 /* Pods-GrabAndDine.debug.xcconfig */,
				CCDE9FE04D81754FC8FC05F5 /* Pods-GrabAndDine.release.xcconfig */,
			);
			path = Pods;
			sourceTree = "<group>";
		};
		3D70EC482257F5D60005A48D = {
			isa = PBXGroup;
			children = (
				3D70EC532257F5D60005A48D /* GrabAndDine */,
				3D70EC522257F5D60005A48D /* Products */,
				1136A8C97C2E4ABDE0B540EB /* Pods */,
				069AED7DD0828A1962DE75A6 /* Frameworks */,
			);
			sourceTree = "<group>";
		};
		3D70EC522257F5D60005A48D /* Products */ = {
			isa = PBXGroup;
			children = (
				3D70EC512257F5D60005A48D /* GrabAndDine.app */,
			);
			name = Products;
			sourceTree = "<group>";
		};
		3D70EC532257F5D60005A48D /* GrabAndDine */ = {
			isa = PBXGroup;
			children = (
				3D70EC542257F5D60005A48D /* AppDelegate.swift */,
				3D70EC582257F5D60005A48D /* Main.storyboard */,
				738D388F2277FEB800019ACF /* Features_Kim.storyboard */,
				3DF191C82261387D0036AE97 /* InnitialViewController.swift */,
				731464E92278D7E5004BF885 /* SignUpViewController.swift */,
				3DF191CA226139190036AE97 /* LoginViewController.swift */,
				3DF191CC226149A50036AE97 /* LoadViewController.swift */,
				3D70EC5B2257F5D80005A48D /* Assets.xcassets */,
				3D70EC5D2257F5D80005A48D /* LaunchScreen.storyboard */,
				3D70EC602257F5D80005A48D /* Info.plist */,
				3DF191CF226151D20036AE97 /* load.gif */,
				3DF19191225EB2300036AE97 /* Fonts */,
				3D08C25622654B860007CEEE /* HomeViewController.swift */,
			);
			path = GrabAndDine;
			sourceTree = "<group>";
		};
		3DF19191225EB2300036AE97 /* Fonts */ = {
			isa = PBXGroup;
			children = (
				3DF191AD225EB3130036AE97 /* OpenSans-Bold.ttf */,
				3DF191C4225EB5FA0036AE97 /* OpenSans-Italic.ttf */,
				3DF191C0225EB5E90036AE97 /* OpenSans-ExtraBold.ttf */,
				3DF191BE225EB5DD0036AE97 /* OpenSans-BoldItalic.ttf */,
				3DF191C2225EB5F30036AE97 /* OpenSans-ExtraBoldItalic.ttf */,
				3DF191BC225EB5D00036AE97 /* OpenSans-SemiBoldItalic.ttf */,
				3DF191C6225EB6050036AE97 /* OpenSans-LightItalic.ttf */,
				3DF191BA225EB31D0036AE97 /* OpenSans-SemiBold.ttf */,
				3DF191AE225EB3130036AE97 /* OpenSans-Light.ttf */,
				3DF191B0225EB3130036AE97 /* OpenSans-Regular.ttf */,
			);
			path = Fonts;
			sourceTree = "<group>";
		};
/* End PBXGroup section */

/* Begin PBXNativeTarget section */
		3D70EC502257F5D60005A48D /* GrabAndDine */ = {
			isa = PBXNativeTarget;
			buildConfigurationList = 3D70EC632257F5D80005A48D /* Build configuration list for PBXNativeTarget "GrabAndDine" */;
			buildPhases = (
				DD5AA0FB6ED8476854AE79CA /* [CP] Check Pods Manifest.lock */,
				3D70EC4D2257F5D60005A48D /* Sources */,
				3D70EC4E2257F5D60005A48D /* Frameworks */,
				3D70EC4F2257F5D60005A48D /* Resources */,
				285D8DD1DEDE7FF4E3F540CC /* [CP] Embed Pods Frameworks */,
			);
			buildRules = (
			);
			dependencies = (
			);
			name = GrabAndDine;
			productName = GrabAndDine;
			productReference = 3D70EC512257F5D60005A48D /* GrabAndDine.app */;
			productType = "com.apple.product-type.application";
		};
/* End PBXNativeTarget section */

/* Begin PBXProject section */
		3D70EC492257F5D60005A48D /* Project object */ = {
			isa = PBXProject;
			attributes = {
				LastSwiftUpdateCheck = 1010;
				LastUpgradeCheck = 1010;
				ORGANIZATIONNAME = rachelchen0418;
				TargetAttributes = {
					3D70EC502257F5D60005A48D = {
						CreatedOnToolsVersion = 10.1;
					};
				};
			};
			buildConfigurationList = 3D70EC4C2257F5D60005A48D /* Build configuration list for PBXProject "GrabAndDine" */;
			compatibilityVersion = "Xcode 9.3";
			developmentRegion = en;
			hasScannedForEncodings = 0;
			knownRegions = (
				en,
				Base,
			);
			mainGroup = 3D70EC482257F5D60005A48D;
			productRefGroup = 3D70EC522257F5D60005A48D /* Products */;
			projectDirPath = "";
			projectRoot = "";
			targets = (
				3D70EC502257F5D60005A48D /* GrabAndDine */,
			);
		};
/* End PBXProject section */

/* Begin PBXResourcesBuildPhase section */
		3D70EC4F2257F5D60005A48D /* Resources */ = {
			isa = PBXResourcesBuildPhase;
			buildActionMask = 2147483647;
			files = (
				3DF191BD225EB5D00036AE97 /* OpenSans-SemiBoldItalic.ttf in Resources */,
				3D70EC5F2257F5D80005A48D /* LaunchScreen.storyboard in Resources */,
				738D38902277FEB800019ACF /* Features_Kim.storyboard in Resources */,
				3DF191BB225EB31D0036AE97 /* OpenSans-SemiBold.ttf in Resources */,
				3DF191B6225EB3130036AE97 /* OpenSans-Bold.ttf in Resources */,
				3D70EC5C2257F5D80005A48D /* Assets.xcassets in Resources */,
				3D70EC5A2257F5D60005A48D /* Main.storyboard in Resources */,
				3DF191D0226151D20036AE97 /* load.gif in Resources */,
				3DF191BF225EB5DD0036AE97 /* OpenSans-BoldItalic.ttf in Resources */,
				3DF191B7225EB3130036AE97 /* OpenSans-Light.ttf in Resources */,
				3DF191B9225EB3130036AE97 /* OpenSans-Regular.ttf in Resources */,
				3DF191C5225EB5FA0036AE97 /* OpenSans-Italic.ttf in Resources */,
				3DF191C3225EB5F30036AE97 /* OpenSans-ExtraBoldItalic.ttf in Resources */,
				3DF191C7225EB6050036AE97 /* OpenSans-LightItalic.ttf in Resources */,
				3DF191C1225EB5E90036AE97 /* OpenSans-ExtraBold.ttf in Resources */,
			);
			runOnlyForDeploymentPostprocessing = 0;
		};
/* End PBXResourcesBuildPhase section */

/* Begin PBXShellScriptBuildPhase section */
		285D8DD1DEDE7FF4E3F540CC /* [CP] Embed Pods Frameworks */ = {
			isa = PBXShellScriptBuildPhase;
			buildActionMask = 2147483647;
			files = (
			);
			inputFileListPaths = (
			);
			inputPaths = (
				"${PODS_ROOT}/Target Support Files/Pods-GrabAndDine/Pods-GrabAndDine-frameworks.sh",
				"${BUILT_PRODUCTS_DIR}/Alamofire/Alamofire.framework",
				"${BUILT_PRODUCTS_DIR}/FLAnimatedImage/FLAnimatedImage.framework",
				"${BUILT_PRODUCTS_DIR}/TextFieldEffects/TextFieldEffects.framework",
			);
			name = "[CP] Embed Pods Frameworks";
			outputFileListPaths = (
			);
			outputPaths = (
				"${TARGET_BUILD_DIR}/${FRAMEWORKS_FOLDER_PATH}/Alamofire.framework",
				"${TARGET_BUILD_DIR}/${FRAMEWORKS_FOLDER_PATH}/FLAnimatedImage.framework",
				"${TARGET_BUILD_DIR}/${FRAMEWORKS_FOLDER_PATH}/TextFieldEffects.framework",
			);
			runOnlyForDeploymentPostprocessing = 0;
			shellPath = /bin/sh;
			shellScript = "\"${PODS_ROOT}/Target Support Files/Pods-GrabAndDine/Pods-GrabAndDine-frameworks.sh\"\n";
			showEnvVarsInLog = 0;
		};
		DD5AA0FB6ED8476854AE79CA /* [CP] Check Pods Manifest.lock */ = {
			isa = PBXShellScriptBuildPhase;
			buildActionMask = 2147483647;
			files = (
			);
			inputFileListPaths = (
			);
			inputPaths = (
				"${PODS_PODFILE_DIR_PATH}/Podfile.lock",
				"${PODS_ROOT}/Manifest.lock",
			);
			name = "[CP] Check Pods Manifest.lock";
			outputFileListPaths = (
			);
			outputPaths = (
				"$(DERIVED_FILE_DIR)/Pods-GrabAndDine-checkManifestLockResult.txt",
			);
			runOnlyForDeploymentPostprocessing = 0;
			shellPath = /bin/sh;
			shellScript = "diff \"${PODS_PODFILE_DIR_PATH}/Podfile.lock\" \"${PODS_ROOT}/Manifest.lock\" > /dev/null\nif [ $? != 0 ] ; then\n    # print error to STDERR\n    echo \"error: The sandbox is not in sync with the Podfile.lock. Run 'pod install' or update your CocoaPods installation.\" >&2\n    exit 1\nfi\n# This output is used by Xcode 'outputs' to avoid re-running this script phase.\necho \"SUCCESS\" > \"${SCRIPT_OUTPUT_FILE_0}\"\n";
			showEnvVarsInLog = 0;
		};
/* End PBXShellScriptBuildPhase section */

/* Begin PBXSourcesBuildPhase section */
		3D70EC4D2257F5D60005A48D /* Sources */ = {
			isa = PBXSourcesBuildPhase;
			buildActionMask = 2147483647;
			files = (
				731464EA2278D7E5004BF885 /* SignUpViewController.swift in Sources */,
				3D08C25722654B860007CEEE /* HomeViewController.swift in Sources */,
				3DF191CB226139190036AE97 /* LoginViewController.swift in Sources */,
				3DF191C92261387D0036AE97 /* InnitialViewController.swift in Sources */,
				3DF191CD226149A50036AE97 /* LoadViewController.swift in Sources */,
				3D70EC552257F5D60005A48D /* AppDelegate.swift in Sources */,
			);
			runOnlyForDeploymentPostprocessing = 0;
		};
/* End PBXSourcesBuildPhase section */

/* Begin PBXVariantGroup section */
		3D70EC582257F5D60005A48D /* Main.storyboard */ = {
			isa = PBXVariantGroup;
			children = (
				3D70EC592257F5D60005A48D /* Base */,
			);
			name = Main.storyboard;
			sourceTree = "<group>";
		};
		3D70EC5D2257F5D80005A48D /* LaunchScreen.storyboard */ = {
			isa = PBXVariantGroup;
			children = (
				3D70EC5E2257F5D80005A48D /* Base */,
			);
			name = LaunchScreen.storyboard;
			sourceTree = "<group>";
		};
/* End PBXVariantGroup section */

/* Begin XCBuildConfiguration section */
		3D70EC612257F5D80005A48D /* Debug */ = {
			isa = XCBuildConfiguration;
			buildSettings = {
				ALWAYS_SEARCH_USER_PATHS = NO;
				CLANG_ANALYZER_NONNULL = YES;
				CLANG_ANALYZER_NUMBER_OBJECT_CONVERSION = YES_AGGRESSIVE;
				CLANG_CXX_LANGUAGE_STANDARD = "gnu++14";
				CLANG_CXX_LIBRARY = "libc++";
				CLANG_ENABLE_MODULES = YES;
				CLANG_ENABLE_OBJC_ARC = YES;
				CLANG_ENABLE_OBJC_WEAK = YES;
				CLANG_WARN_BLOCK_CAPTURE_AUTORELEASING = YES;
				CLANG_WARN_BOOL_CONVERSION = YES;
				CLANG_WARN_COMMA = YES;
				CLANG_WARN_CONSTANT_CONVERSION = YES;
				CLANG_WARN_DEPRECATED_OBJC_IMPLEMENTATIONS = YES;
				CLANG_WARN_DIRECT_OBJC_ISA_USAGE = YES_ERROR;
				CLANG_WARN_DOCUMENTATION_COMMENTS = YES;
				CLANG_WARN_EMPTY_BODY = YES;
				CLANG_WARN_ENUM_CONVERSION = YES;
				CLANG_WARN_INFINITE_RECURSION = YES;
				CLANG_WARN_INT_CONVERSION = YES;
				CLANG_WARN_NON_LITERAL_NULL_CONVERSION = YES;
				CLANG_WARN_OBJC_IMPLICIT_RETAIN_SELF = YES;
				CLANG_WARN_OBJC_LITERAL_CONVERSION = YES;
				CLANG_WARN_OBJC_ROOT_CLASS = YES_ERROR;
				CLANG_WARN_RANGE_LOOP_ANALYSIS = YES;
				CLANG_WARN_STRICT_PROTOTYPES = YES;
				CLANG_WARN_SUSPICIOUS_MOVE = YES;
				CLANG_WARN_UNGUARDED_AVAILABILITY = YES_AGGRESSIVE;
				CLANG_WARN_UNREACHABLE_CODE = YES;
				CLANG_WARN__DUPLICATE_METHOD_MATCH = YES;
				CODE_SIGN_IDENTITY = "iPhone Developer";
				COPY_PHASE_STRIP = NO;
				DEBUG_INFORMATION_FORMAT = dwarf;
				ENABLE_STRICT_OBJC_MSGSEND = YES;
				ENABLE_TESTABILITY = YES;
				GCC_C_LANGUAGE_STANDARD = gnu11;
				GCC_DYNAMIC_NO_PIC = NO;
				GCC_NO_COMMON_BLOCKS = YES;
				GCC_OPTIMIZATION_LEVEL = 0;
				GCC_PREPROCESSOR_DEFINITIONS = (
					"DEBUG=1",
					"$(inherited)",
				);
				GCC_WARN_64_TO_32_BIT_CONVERSION = YES;
				GCC_WARN_ABOUT_RETURN_TYPE = YES_ERROR;
				GCC_WARN_UNDECLARED_SELECTOR = YES;
				GCC_WARN_UNINITIALIZED_AUTOS = YES_AGGRESSIVE;
				GCC_WARN_UNUSED_FUNCTION = YES;
				GCC_WARN_UNUSED_VARIABLE = YES;
				IPHONEOS_DEPLOYMENT_TARGET = 12.1;
				MTL_ENABLE_DEBUG_INFO = INCLUDE_SOURCE;
				MTL_FAST_MATH = YES;
				ONLY_ACTIVE_ARCH = YES;
				SDKROOT = iphoneos;
				SWIFT_ACTIVE_COMPILATION_CONDITIONS = DEBUG;
				SWIFT_OPTIMIZATION_LEVEL = "-Onone";
			};
			name = Debug;
		};
		3D70EC622257F5D80005A48D /* Release */ = {
			isa = XCBuildConfiguration;
			buildSettings = {
				ALWAYS_SEARCH_USER_PATHS = NO;
				CLANG_ANALYZER_NONNULL = YES;
				CLANG_ANALYZER_NUMBER_OBJECT_CONVERSION = YES_AGGRESSIVE;
				CLANG_CXX_LANGUAGE_STANDARD = "gnu++14";
				CLANG_CXX_LIBRARY = "libc++";
				CLANG_ENABLE_MODULES = YES;
				CLANG_ENABLE_OBJC_ARC = YES;
				CLANG_ENABLE_OBJC_WEAK = YES;
				CLANG_WARN_BLOCK_CAPTURE_AUTORELEASING = YES;
				CLANG_WARN_BOOL_CONVERSION = YES;
				CLANG_WARN_COMMA = YES;
				CLANG_WARN_CONSTANT_CONVERSION = YES;
				CLANG_WARN_DEPRECATED_OBJC_IMPLEMENTATIONS = YES;
				CLANG_WARN_DIRECT_OBJC_ISA_USAGE = YES_ERROR;
				CLANG_WARN_DOCUMENTATION_COMMENTS = YES;
				CLANG_WARN_EMPTY_BODY = YES;
				CLANG_WARN_ENUM_CONVERSION = YES;
				CLANG_WARN_INFINITE_RECURSION = YES;
				CLANG_WARN_INT_CONVERSION = YES;
				CLANG_WARN_NON_LITERAL_NULL_CONVERSION = YES;
				CLANG_WARN_OBJC_IMPLICIT_RETAIN_SELF = YES;
				CLANG_WARN_OBJC_LITERAL_CONVERSION = YES;
				CLANG_WARN_OBJC_ROOT_CLASS = YES_ERROR;
				CLANG_WARN_RANGE_LOOP_ANALYSIS = YES;
				CLANG_WARN_STRICT_PROTOTYPES = YES;
				CLANG_WARN_SUSPICIOUS_MOVE = YES;
				CLANG_WARN_UNGUARDED_AVAILABILITY = YES_AGGRESSIVE;
				CLANG_WARN_UNREACHABLE_CODE = YES;
				CLANG_WARN__DUPLICATE_METHOD_MATCH = YES;
				CODE_SIGN_IDENTITY = "iPhone Developer";
				COPY_PHASE_STRIP = NO;
				DEBUG_INFORMATION_FORMAT = "dwarf-with-dsym";
				ENABLE_NS_ASSERTIONS = NO;
				ENABLE_STRICT_OBJC_MSGSEND = YES;
				GCC_C_LANGUAGE_STANDARD = gnu11;
				GCC_NO_COMMON_BLOCKS = YES;
				GCC_WARN_64_TO_32_BIT_CONVERSION = YES;
				GCC_WARN_ABOUT_RETURN_TYPE = YES_ERROR;
				GCC_WARN_UNDECLARED_SELECTOR = YES;
				GCC_WARN_UNINITIALIZED_AUTOS = YES_AGGRESSIVE;
				GCC_WARN_UNUSED_FUNCTION = YES;
				GCC_WARN_UNUSED_VARIABLE = YES;
				IPHONEOS_DEPLOYMENT_TARGET = 12.1;
				MTL_ENABLE_DEBUG_INFO = NO;
				MTL_FAST_MATH = YES;
				SDKROOT = iphoneos;
				SWIFT_COMPILATION_MODE = wholemodule;
				SWIFT_OPTIMIZATION_LEVEL = "-O";
				VALIDATE_PRODUCT = YES;
			};
			name = Release;
		};
		3D70EC642257F5D80005A48D /* Debug */ = {
			isa = XCBuildConfiguration;
			baseConfigurationReference = F2928F53409BCAD18BD6A855 /* Pods-GrabAndDine.debug.xcconfig */;
			buildSettings = {
				ASSETCATALOG_COMPILER_APPICON_NAME = AppIcon;
				CODE_SIGN_STYLE = Automatic;
				DEVELOPMENT_TEAM = PPZZ7DWFWF;
				INFOPLIST_FILE = GrabAndDine/Info.plist;
				LD_RUNPATH_SEARCH_PATHS = (
					"$(inherited)",
					"@executable_path/Frameworks",
				);
				PRODUCT_BUNDLE_IDENTIFIER = Rae.GrabAndDine;
				PRODUCT_NAME = "$(TARGET_NAME)";
				SWIFT_VERSION = 4.2;
				TARGETED_DEVICE_FAMILY = "1,2";
			};
			name = Debug;
		};
		3D70EC652257F5D80005A48D /* Release */ = {
			isa = XCBuildConfiguration;
			baseConfigurationReference = CCDE9FE04D81754FC8FC05F5 /* Pods-GrabAndDine.release.xcconfig */;
			buildSettings = {
				ASSETCATALOG_COMPILER_APPICON_NAME = AppIcon;
				CODE_SIGN_STYLE = Automatic;
				DEVELOPMENT_TEAM = PPZZ7DWFWF;
				INFOPLIST_FILE = GrabAndDine/Info.plist;
				LD_RUNPATH_SEARCH_PATHS = (
					"$(inherited)",
					"@executable_path/Frameworks",
				);
				PRODUCT_BUNDLE_IDENTIFIER = Rae.GrabAndDine;
				PRODUCT_NAME = "$(TARGET_NAME)";
				SWIFT_VERSION = 4.2;
				TARGETED_DEVICE_FAMILY = "1,2";
			};
			name = Release;
		};
/* End XCBuildConfiguration section */

/* Begin XCConfigurationList section */
		3D70EC4C2257F5D60005A48D /* Build configuration list for PBXProject "GrabAndDine" */ = {
			isa = XCConfigurationList;
			buildConfigurations = (
				3D70EC612257F5D80005A48D /* Debug */,
				3D70EC622257F5D80005A48D /* Release */,
			);
			defaultConfigurationIsVisible = 0;
			defaultConfigurationName = Release;
		};
		3D70EC632257F5D80005A48D /* Build configuration list for PBXNativeTarget "GrabAndDine" */ = {
			isa = XCConfigurationList;
			buildConfigurations = (
				3D70EC642257F5D80005A48D /* Debug */,
				3D70EC652257F5D80005A48D /* Release */,
			);
			defaultConfigurationIsVisible = 0;
			defaultConfigurationName = Release;
		};
/* End XCConfigurationList section */
	};
	rootObject = 3D70EC492257F5D60005A48D /* Project object */;
}
